
Microsoft Visual Studio Solution File, Format Version 12.00
# Visual Studio Version 17
VisualStudioVersion = 17.6.33829.357
MinimumVisualStudioVersion = 10.0.40219.1
Project("{FAE04EC0-301F-11D3-BF4B-00C04F79EFBC}") = "db-connectivity-in-csharp", "db-connectivity-in-csharp\db-connectivity-in-csharp.csproj", "{F485B370-00E3-4F54-B5F7-6AD53E7B8F1F}"
EndProject
Global
	GlobalSection(SolutionConfigurationPlatforms) = preSolution
		Debug|Any CPU = Debug|Any CPU
		Release|Any CPU = Release|Any CPU
	EndGlobalSection
	GlobalSection(ProjectConfigurationPlatforms) = postSolution
		{F485B370-00E3-4F54-B5F7-6AD53E7B8F1F}.Debug|Any CPU.ActiveCfg = Debug|Any CPU
		{F485B370-00E3-4F54-B5F7-6AD53E7B8F1F}.Debug|Any CPU.Build.0 = Debug|Any CPU
		{F485B370-00E3-4F54-B5F7-6AD53E7B8F1F}.Release|Any CPU.ActiveCfg = Release|Any CPU
		{F485B370-00E3-4F54-B5F7-6AD53E7B8F1F}.Release|Any CPU.Build.0 = Release|Any CPU
	EndGlobalSection
	GlobalSection(SolutionProperties) = preSolution
		HideSolutionNode = FALSE
	EndGlobalSection
	GlobalSection(ExtensibilityGlobals) = postSolution
		SolutionGuid = {ACAD99F6-C385-4235-844B-424E893F6E60}
	EndGlobalSection
EndGlobal
